
Microsoft Visual Studio Solution File, Format Version 12.00
# Visual Studio Version 16
VisualStudioVersion = 16.0.32630.194
MinimumVisualStudioVersion = 10.0.40219.1
Project("{FAE04EC0-301F-11D3-BF4B-00C04F79EFBC}") = "Bar", "Bar.csproj", "{16CA72C6-04F8-424E-91BA-B1D1282F5BA0}"
EndProject
Global
	GlobalSection(SolutionConfigurationPlatforms) = preSolution
		Debug|Any CPU = Debug|Any CPU
		Release|Any CPU = Release|Any CPU
	EndGlobalSection
	GlobalSection(ProjectConfigurationPlatforms) = postSolution
		{16CA72C6-04F8-424E-91BA-B1D1282F5BA0}.Debug|Any CPU.ActiveCfg = Debug|Any CPU
		{16CA72C6-04F8-424E-91BA-B1D1282F5BA0}.Debug|Any CPU.Build.0 = Debug|Any CPU
		{16CA72C6-04F8-424E-91BA-B1D1282F5BA0}.Release|Any CPU.ActiveCfg = Release|Any CPU
		{16CA72C6-04F8-424E-91BA-B1D1282F5BA0}.Release|Any CPU.Build.0 = Release|Any CPU
	EndGlobalSection
	GlobalSection(SolutionProperties) = preSolution
		HideSolutionNode = FALSE
	EndGlobalSection
	GlobalSection(ExtensibilityGlobals) = postSolution
		SolutionGuid = {65772492-B8D7-43A7-8D48-27E19DBE20D0}
	EndGlobalSection
EndGlobal
